
Microsoft Visual Studio Solution File, Format Version 12.00
# Visual Studio Version 16
VisualStudioVersion = 16.0.30804.86
MinimumVisualStudioVersion = 10.0.40219.1
Project("{FAE04EC0-301F-11D3-BF4B-00C04F79EFBC}") = "HRPoratalServerApp", "HRPoratalServerApp\HRPoratalServerApp.csproj", "{5612374A-CC3D-4E45-9B90-3C8D9C41991E}"
EndProject
Global
	GlobalSection(SolutionConfigurationPlatforms) = preSolution
		Debug|Any CPU = Debug|Any CPU
		Release|Any CPU = Release|Any CPU
	EndGlobalSection
	GlobalSection(ProjectConfigurationPlatforms) = postSolution
		{5612374A-CC3D-4E45-9B90-3C8D9C41991E}.Debug|Any CPU.ActiveCfg = Debug|Any CPU
		{5612374A-CC3D-4E45-9B90-3C8D9C41991E}.Debug|Any CPU.Build.0 = Debug|Any CPU
		{5612374A-CC3D-4E45-9B90-3C8D9C41991E}.Release|Any CPU.ActiveCfg = Release|Any CPU
		{5612374A-CC3D-4E45-9B90-3C8D9C41991E}.Release|Any CPU.Build.0 = Release|Any CPU
	EndGlobalSection
	GlobalSection(SolutionProperties) = preSolution
		HideSolutionNode = FALSE
	EndGlobalSection
	GlobalSection(ExtensibilityGlobals) = postSolution
		SolutionGuid = {97B02B01-2BA1-42F2-9146-2DACB4A4DCF8}
	EndGlobalSection
EndGlobal
